
Microsoft Visual Studio Solution File, Format Version 12.00
# Visual Studio Version 16
VisualStudioVersion = 16.0.33130.400
MinimumVisualStudioVersion = 10.0.40219.1
Project("{FAE04EC0-301F-11D3-BF4B-00C04F79EFBC}") = "WebApplication1", "WebApplication1\WebApplication1.csproj", "{443FC53A-2E9C-44CE-9083-BF40DC80C2EA}"
EndProject
Global
	GlobalSection(SolutionConfigurationPlatforms) = preSolution
		Debug|Any CPU = Debug|Any CPU
		Release|Any CPU = Release|Any CPU
	EndGlobalSection
	GlobalSection(ProjectConfigurationPlatforms) = postSolution
		{443FC53A-2E9C-44CE-9083-BF40DC80C2EA}.Debug|Any CPU.ActiveCfg = Debug|Any CPU
		{443FC53A-2E9C-44CE-9083-BF40DC80C2EA}.Debug|Any CPU.Build.0 = Debug|Any CPU
		{443FC53A-2E9C-44CE-9083-BF40DC80C2EA}.Release|Any CPU.ActiveCfg = Release|Any CPU
		{443FC53A-2E9C-44CE-9083-BF40DC80C2EA}.Release|Any CPU.Build.0 = Release|Any CPU
	EndGlobalSection
	GlobalSection(SolutionProperties) = preSolution
		HideSolutionNode = FALSE
	EndGlobalSection
	GlobalSection(ExtensibilityGlobals) = postSolution
		SolutionGuid = {1B5A29C9-3DCE-4271-AE8D-4142AAB71E3F}
	EndGlobalSection
EndGlobal
